
Microsoft Visual Studio Solution File, Format Version 12.00
# Visual Studio Version 17
VisualStudioVersion = 17.4.33015.44
MinimumVisualStudioVersion = 10.0.40219.1
Project("{9A19103F-16F7-4668-BE54-9A1E7A4F7556}") = "SCPCB", "SCPCB\SCPCB.csproj", "{7D21F335-8A79-4108-9093-2CDB12E3A67D}"
	ProjectSection(ProjectDependencies) = postProject
		{1B69CC33-86BF-47FC-A166-C4255A5E947E} = {1B69CC33-86BF-47FC-A166-C4255A5E947E}
		{38B313E1-4A12-414E-8CF9-A823DF524049} = {38B313E1-4A12-414E-8CF9-A823DF524049}
		{4F2DD341-7572-4EF8-839E-B0C28CB18CDD} = {4F2DD341-7572-4EF8-839E-B0C28CB18CDD}
		{A7C4A34F-40CD-4935-AAE6-5F14E4D389D0} = {A7C4A34F-40CD-4935-AAE6-5F14E4D389D0}
	EndProjectSection
EndProject
Project("{9A19103F-16F7-4668-BE54-9A1E7A4F7556}") = "ShaderGen", "submodules\ShaderGen\src\ShaderGen\ShaderGen.csproj", "{4F2DD341-7572-4EF8-839E-B0C28CB18CDD}"
EndProject
Project("{9A19103F-16F7-4668-BE54-9A1E7A4F7556}") = "ShaderGen.Primitives", "submodules\ShaderGen\src\ShaderGen.Primitives\ShaderGen.Primitives.csproj", "{A7C4A34F-40CD-4935-AAE6-5F14E4D389D0}"
EndProject
Project("{9A19103F-16F7-4668-BE54-9A1E7A4F7556}") = "ShaderGen.Build", "submodules\ShaderGen\src\ShaderGen.Build\ShaderGen.Build.csproj", "{1B69CC33-86BF-47FC-A166-C4255A5E947E}"
EndProject
Project("{9A19103F-16F7-4668-BE54-9A1E7A4F7556}") = "ShaderGen.App", "submodules\ShaderGen\src\ShaderGen.App\ShaderGen.App.csproj", "{38B313E1-4A12-414E-8CF9-A823DF524049}"
EndProject
Project("{2150E333-8FDC-42A3-9474-1A3956D46DE8}") = "Libraries", "Libraries", "{B68CB44F-F5B7-4FC5-82B7-12CE8691A907}"
EndProject
Project("{2150E333-8FDC-42A3-9474-1A3956D46DE8}") = "ShaderGen", "ShaderGen", "{1883018D-9AE5-44D8-AB63-DBBDDBC284DA}"
EndProject
Project("{2150E333-8FDC-42A3-9474-1A3956D46DE8}") = "Utility", "Utility", "{8690B0B9-1332-4D53-B6AF-1CE77E2D2787}"
EndProject
Project("{9A19103F-16F7-4668-BE54-9A1E7A4F7556}") = "AutoShaderSourceGenerator", "Utility\AutoShaderSourceGenerator\AutoShaderSourceGenerator.csproj", "{B0D6515D-37EB-4642-9385-788F4933F965}"
EndProject
Global
	GlobalSection(SolutionConfigurationPlatforms) = preSolution
		Debug|Any CPU = Debug|Any CPU
		Release|Any CPU = Release|Any CPU
	EndGlobalSection
	GlobalSection(ProjectConfigurationPlatforms) = postSolution
		{7D21F335-8A79-4108-9093-2CDB12E3A67D}.Debug|Any CPU.ActiveCfg = Debug|Any CPU
		{7D21F335-8A79-4108-9093-2CDB12E3A67D}.Debug|Any CPU.Build.0 = Debug|Any CPU
		{7D21F335-8A79-4108-9093-2CDB12E3A67D}.Release|Any CPU.ActiveCfg = Release|Any CPU
		{7D21F335-8A79-4108-9093-2CDB12E3A67D}.Release|Any CPU.Build.0 = Release|Any CPU
		{4F2DD341-7572-4EF8-839E-B0C28CB18CDD}.Debug|Any CPU.ActiveCfg = Debug|Any CPU
		{4F2DD341-7572-4EF8-839E-B0C28CB18CDD}.Debug|Any CPU.Build.0 = Debug|Any CPU
		{4F2DD341-7572-4EF8-839E-B0C28CB18CDD}.Release|Any CPU.ActiveCfg = Release|Any CPU
		{4F2DD341-7572-4EF8-839E-B0C28CB18CDD}.Release|Any CPU.Build.0 = Release|Any CPU
		{A7C4A34F-40CD-4935-AAE6-5F14E4D389D0}.Debug|Any CPU.ActiveCfg = Debug|Any CPU
		{A7C4A34F-40CD-4935-AAE6-5F14E4D389D0}.Debug|Any CPU.Build.0 = Debug|Any CPU
		{A7C4A34F-40CD-4935-AAE6-5F14E4D389D0}.Release|Any CPU.ActiveCfg = Release|Any CPU
		{A7C4A34F-40CD-4935-AAE6-5F14E4D389D0}.Release|Any CPU.Build.0 = Release|Any CPU
		{1B69CC33-86BF-47FC-A166-C4255A5E947E}.Debug|Any CPU.ActiveCfg = Debug|Any CPU
		{1B69CC33-86BF-47FC-A166-C4255A5E947E}.Debug|Any CPU.Build.0 = Debug|Any CPU
		{1B69CC33-86BF-47FC-A166-C4255A5E947E}.Release|Any CPU.ActiveCfg = Release|Any CPU
		{1B69CC33-86BF-47FC-A166-C4255A5E947E}.Release|Any CPU.Build.0 = Release|Any CPU
		{38B313E1-4A12-414E-8CF9-A823DF524049}.Debug|Any CPU.ActiveCfg = Debug|Any CPU
		{38B313E1-4A12-414E-8CF9-A823DF524049}.Debug|Any CPU.Build.0 = Debug|Any CPU
		{38B313E1-4A12-414E-8CF9-A823DF524049}.Release|Any CPU.ActiveCfg = Release|Any CPU
		{38B313E1-4A12-414E-8CF9-A823DF524049}.Release|Any CPU.Build.0 = Release|Any CPU
		{B0D6515D-37EB-4642-9385-788F4933F965}.Debug|Any CPU.ActiveCfg = Debug|Any CPU
		{B0D6515D-37EB-4642-9385-788F4933F965}.Debug|Any CPU.Build.0 = Debug|Any CPU
		{B0D6515D-37EB-4642-9385-788F4933F965}.Release|Any CPU.ActiveCfg = Release|Any CPU
		{B0D6515D-37EB-4642-9385-788F4933F965}.Release|Any CPU.Build.0 = Release|Any CPU
	EndGlobalSection
	GlobalSection(SolutionProperties) = preSolution
		HideSolutionNode = FALSE
	EndGlobalSection
	GlobalSection(NestedProjects) = preSolution
		{4F2DD341-7572-4EF8-839E-B0C28CB18CDD} = {1883018D-9AE5-44D8-AB63-DBBDDBC284DA}
		{A7C4A34F-40CD-4935-AAE6-5F14E4D389D0} = {1883018D-9AE5-44D8-AB63-DBBDDBC284DA}
		{1B69CC33-86BF-47FC-A166-C4255A5E947E} = {1883018D-9AE5-44D8-AB63-DBBDDBC284DA}
		{38B313E1-4A12-414E-8CF9-A823DF524049} = {1883018D-9AE5-44D8-AB63-DBBDDBC284DA}
		{1883018D-9AE5-44D8-AB63-DBBDDBC284DA} = {B68CB44F-F5B7-4FC5-82B7-12CE8691A907}
		{B0D6515D-37EB-4642-9385-788F4933F965} = {8690B0B9-1332-4D53-B6AF-1CE77E2D2787}
	EndGlobalSection
	GlobalSection(ExtensibilityGlobals) = postSolution
		SolutionGuid = {667B5072-1B3E-4E55-9917-7835542735AB}
	EndGlobalSection
EndGlobal
